// !$*UTF8*$!
{
	archiveVersion = 1;
	classes = {
	};
	objectVersion = 46;
	objects = {

/* Begin PBXBuildFile section */
		55477DC11D9F7C6C0095B521 /* AppDelegate.swift in Sources */ = {isa = PBXBuildFile; fileRef = 55477DC01D9F7C6C0095B521 /* AppDelegate.swift */; };
		55477DC31D9F7C6C0095B521 /* ViewController.swift in Sources */ = {isa = PBXBuildFile; fileRef = 55477DC21D9F7C6C0095B521 /* ViewController.swift */; };
		55477DC61D9F7C6C0095B521 /* Main.storyboard in Resources */ = {isa = PBXBuildFile; fileRef = 55477DC41D9F7C6C0095B521 /* Main.storyboard */; };
		55477DC81D9F7C6C0095B521 /* Assets.xcassets in Resources */ = {isa = PBXBuildFile; fileRef = 55477DC71D9F7C6C0095B521 /* Assets.xcassets */; };
		55477DCB1D9F7C6C0095B521 /* LaunchScreen.storyboard in Resources */ = {isa = PBXBuildFile; fileRef = 55477DC91D9F7C6C0095B521 /* LaunchScreen.storyboard */; };
		55477DDA1D9F7D540095B521 /* UIStoryboard+Instantiation.swift in Sources */ = {isa = PBXBuildFile; fileRef = 55477DD81D9F7D540095B521 /* UIStoryboard+Instantiation.swift */; };
		55477DDB1D9F7D540095B521 /* UIStoryboard+Storyboard.swift in Sources */ = {isa = PBXBuildFile; fileRef = 55477DD91D9F7D540095B521 /* UIStoryboard+Storyboard.swift */; };
		55477DDD1D9F7D590095B521 /* StoryboardIdentifiable.swift in Sources */ = {isa = PBXBuildFile; fileRef = 55477DDC1D9F7D590095B521 /* StoryboardIdentifiable.swift */; };
/* End PBXBuildFile section */

/* Begin PBXFileReference section */
		55477DBD1D9F7C6C0095B521 /* guess the flag.app */ = {isa = PBXFileReference; explicitFileType = wrapper.application; includeInIndex = 0; path = "guess the flag.app"; sourceTree = BUILT_PRODUCTS_DIR; };
		55477DC01D9F7C6C0095B521 /* AppDelegate.swift */ = {isa = PBXFileReference; lastKnownFileType = sourcecode.swift; path = AppDelegate.swift; sourceTree = "<group>"; };
		55477DC21D9F7C6C0095B521 /* ViewController.swift */ = {isa = PBXFileReference; lastKnownFileType = sourcecode.swift; path = ViewController.swift; sourceTree = "<group>"; };
		55477DC51D9F7C6C0095B521 /* Base */ = {isa = PBXFileReference; lastKnownFileType = file.storyboard; name = Base; path = Base.lproj/Main.storyboard; sourceTree = "<group>"; };
		55477DC71D9F7C6C0095B521 /* Assets.xcassets */ = {isa = PBXFileReference; lastKnownFileType = folder.assetcatalog; path = Assets.xcassets; sourceTree = "<group>"; };
		55477DCA1D9F7C6C0095B521 /* Base */ = {isa = PBXFileReference; lastKnownFileType = file.storyboard; name = Base; path = Base.lproj/LaunchScreen.storyboard; sourceTree = "<group>"; };
		55477DCC1D9F7C6C0095B521 /* Info.plist */ = {isa = PBXFileReference; lastKnownFileType = text.plist.xml; path = Info.plist; sourceTree = "<group>"; };
		55477DD81D9F7D540095B521 /* UIStoryboard+Instantiation.swift */ = {isa = PBXFileReference; fileEncoding = 4; lastKnownFileType = sourcecode.swift; path = "UIStoryboard+Instantiation.swift"; sourceTree = "<group>"; };
		55477DD91D9F7D540095B521 /* UIStoryboard+Storyboard.swift */ = {isa = PBXFileReference; fileEncoding = 4; lastKnownFileType = sourcecode.swift; path = "UIStoryboard+Storyboard.swift"; sourceTree = "<group>"; };
		55477DDC1D9F7D590095B521 /* StoryboardIdentifiable.swift */ = {isa = PBXFileReference; fileEncoding = 4; lastKnownFileType = sourcecode.swift; path = StoryboardIdentifiable.swift; sourceTree = "<group>"; };
/* End PBXFileReference section */

/* Begin PBXFrameworksBuildPhase section */
		55477DBA1D9F7C6C0095B521 /* Frameworks */ = {
			isa = PBXFrameworksBuildPhase;
			buildActionMask = 2147483647;
			files = (
			);
			runOnlyForDeploymentPostprocessing = 0;
		};
/* End PBXFrameworksBuildPhase section */

/* Begin PBXGroup section */
		55477DB41D9F7C6C0095B521 = {
			isa = PBXGroup;
			children = (
				55477DBF1D9F7C6C0095B521 /* guess the flag */,
				55477DBE1D9F7C6C0095B521 /* Products */,
			);
			sourceTree = "<group>";
		};
		55477DBE1D9F7C6C0095B521 /* Products */ = {
			isa = PBXGroup;
			children = (
				55477DBD1D9F7C6C0095B521 /* guess the flag.app */,
			);
			name = Products;
			sourceTree = "<group>";
		};
		55477DBF1D9F7C6C0095B521 /* guess the flag */ = {
			isa = PBXGroup;
			children = (
				55477DD21D9F7C960095B521 /* src */,
				55477DD31D9F7C9E0095B521 /* resources */,
				55477DD51D9F7CB00095B521 /* other sources */,
			);
			path = "guess the flag";
			sourceTree = "<group>";
		};
		55477DD21D9F7C960095B521 /* src */ = {
			isa = PBXGroup;
			children = (
				55477DD61D9F7D390095B521 /* extensions */,
				55477DD71D9F7D400095B521 /* protocols */,
				55477DC01D9F7C6C0095B521 /* AppDelegate.swift */,
				55477DC21D9F7C6C0095B521 /* ViewController.swift */,
			);
			name = src;
			sourceTree = "<group>";
		};
		55477DD31D9F7C9E0095B521 /* resources */ = {
			isa = PBXGroup;
			children = (
				55477DD41D9F7CA40095B521 /* storyboards */,
				55477DC71D9F7C6C0095B521 /* Assets.xcassets */,
			);
			name = resources;
			sourceTree = "<group>";
		};
		55477DD41D9F7CA40095B521 /* storyboards */ = {
			isa = PBXGroup;
			children = (
				55477DC91D9F7C6C0095B521 /* LaunchScreen.storyboard */,
				55477DC41D9F7C6C0095B521 /* Main.storyboard */,
			);
			name = storyboards;
			sourceTree = "<group>";
		};
		55477DD51D9F7CB00095B521 /* other sources */ = {
			isa = PBXGroup;
			children = (
				55477DCC1D9F7C6C0095B521 /* Info.plist */,
			);
			name = "other sources";
			sourceTree = "<group>";
		};
		55477DD61D9F7D390095B521 /* extensions */ = {
			isa = PBXGroup;
			children = (
				55477DD81D9F7D540095B521 /* UIStoryboard+Instantiation.swift */,
				55477DD91D9F7D540095B521 /* UIStoryboard+Storyboard.swift */,
			);
			name = extensions;
			sourceTree = "<group>";
		};
		55477DD71D9F7D400095B521 /* protocols */ = {
			isa = PBXGroup;
			children = (
				55477DDC1D9F7D590095B521 /* StoryboardIdentifiable.swift */,
			);
			name = protocols;
			sourceTree = "<group>";
		};
/* End PBXGroup section */

/* Begin PBXNativeTarget section */
		55477DBC1D9F7C6C0095B521 /* guess the flag */ = {
			isa = PBXNativeTarget;
			buildConfigurationList = 55477DCF1D9F7C6C0095B521 /* Build configuration list for PBXNativeTarget "guess the flag" */;
			buildPhases = (
				55477DB91D9F7C6C0095B521 /* Sources */,
				55477DBA1D9F7C6C0095B521 /* Frameworks */,
				55477DBB1D9F7C6C0095B521 /* Resources */,
			);
			buildRules = (
			);
			dependencies = (
			);
			name = "guess the flag";
			productName = "guess the flag";
			productReference = 55477DBD1D9F7C6C0095B521 /* guess the flag.app */;
			productType = "com.apple.product-type.application";
		};
/* End PBXNativeTarget section */

/* Begin PBXProject section */
		55477DB51D9F7C6C0095B521 /* Project object */ = {
			isa = PBXProject;
			attributes = {
				LastSwiftUpdateCheck = 0800;
				LastUpgradeCheck = 0800;
				ORGANIZATIONNAME = "Das Hutch Development";
				TargetAttributes = {
					55477DBC1D9F7C6C0095B521 = {
						CreatedOnToolsVersion = 8.0;
						DevelopmentTeam = WPZ6H96R6K;
						ProvisioningStyle = Automatic;
					};
				};
			};
			buildConfigurationList = 55477DB81D9F7C6C0095B521 /* Build configuration list for PBXProject "guess the flag" */;
			compatibilityVersion = "Xcode 3.2";
			developmentRegion = English;
			hasScannedForEncodings = 0;
			knownRegions = (
				en,
				Base,
			);
			mainGroup = 55477DB41D9F7C6C0095B521;
			productRefGroup = 55477DBE1D9F7C6C0095B521 /* Products */;
			projectDirPath = "";
			projectRoot = "";
			targets = (
				55477DBC1D9F7C6C0095B521 /* guess the flag */,
			);
		};
/* End PBXProject section */

/* Begin PBXResourcesBuildPhase section */
		55477DBB1D9F7C6C0095B521 /* Resources */ = {
			isa = PBXResourcesBuildPhase;
			buildActionMask = 2147483647;
			files = (
				55477DCB1D9F7C6C0095B521 /* LaunchScreen.storyboard in Resources */,
				55477DC81D9F7C6C0095B521 /* Assets.xcassets in Resources */,
				55477DC61D9F7C6C0095B521 /* Main.storyboard in Resources */,
			);
			runOnlyForDeploymentPostprocessing = 0;
		};
/* End PBXResourcesBuildPhase section */

/* Begin PBXSourcesBuildPhase section */
		55477DB91D9F7C6C0095B521 /* Sources */ = {
			isa = PBXSourcesBuildPhase;
			buildActionMask = 2147483647;
			files = (
				55477DDA1D9F7D540095B521 /* UIStoryboard+Instantiation.swift in Sources */,
				55477DC31D9F7C6C0095B521 /* ViewController.swift in Sources */,
				55477DC11D9F7C6C0095B521 /* AppDelegate.swift in Sources */,
				55477DDB1D9F7D540095B521 /* UIStoryboard+Storyboard.swift in Sources */,
				55477DDD1D9F7D590095B521 /* StoryboardIdentifiable.swift in Sources */,
			);
			runOnlyForDeploymentPostprocessing = 0;
		};
/* End PBXSourcesBuildPhase section */

/* Begin PBXVariantGroup section */
		55477DC41D9F7C6C0095B521 /* Main.storyboard */ = {
			isa = PBXVariantGroup;
			children = (
				55477DC51D9F7C6C0095B521 /* Base */,
			);
			name = Main.storyboard;
			sourceTree = "<group>";
		};
		55477DC91D9F7C6C0095B521 /* LaunchScreen.storyboard */ = {
			isa = PBXVariantGroup;
			children = (
				55477DCA1D9F7C6C0095B521 /* Base */,
			);
			name = LaunchScreen.storyboard;
			sourceTree = "<group>";
		};
/* End PBXVariantGroup section */

/* Begin XCBuildConfiguration section */
		55477DCD1D9F7C6C0095B521 /* Debug */ = {
			isa = XCBuildConfiguration;
			buildSettings = {
				ALWAYS_SEARCH_USER_PATHS = NO;
				CLANG_ANALYZER_NONNULL = YES;
				CLANG_CXX_LANGUAGE_STANDARD = "gnu++0x";
				CLANG_CXX_LIBRARY = "libc++";
				CLANG_ENABLE_MODULES = YES;
				CLANG_ENABLE_OBJC_ARC = YES;
				CLANG_WARN_BOOL_CONVERSION = YES;
				CLANG_WARN_CONSTANT_CONVERSION = YES;
				CLANG_WARN_DIRECT_OBJC_ISA_USAGE = YES_ERROR;
				CLANG_WARN_DOCUMENTATION_COMMENTS = YES;
				CLANG_WARN_EMPTY_BODY = YES;
				CLANG_WARN_ENUM_CONVERSION = YES;
				CLANG_WARN_INFINITE_RECURSION = YES;
				CLANG_WARN_INT_CONVERSION = YES;
				CLANG_WARN_OBJC_ROOT_CLASS = YES_ERROR;
				CLANG_WARN_SUSPICIOUS_MOVES = YES;
				CLANG_WARN_UNREACHABLE_CODE = YES;
				CLANG_WARN__DUPLICATE_METHOD_MATCH = YES;
				"CODE_SIGN_IDENTITY[sdk=iphoneos*]" = "iPhone Developer";
				COPY_PHASE_STRIP = NO;
				DEBUG_INFORMATION_FORMAT = dwarf;
				ENABLE_STRICT_OBJC_MSGSEND = YES;
				ENABLE_TESTABILITY = YES;
				GCC_C_LANGUAGE_STANDARD = gnu99;
				GCC_DYNAMIC_NO_PIC = NO;
				GCC_NO_COMMON_BLOCKS = YES;
				GCC_OPTIMIZATION_LEVEL = 0;
				GCC_PREPROCESSOR_DEFINITIONS = (
					"DEBUG=1",
					"$(inherited)",
				);
				GCC_WARN_64_TO_32_BIT_CONVERSION = YES;
				GCC_WARN_ABOUT_RETURN_TYPE = YES_ERROR;
				GCC_WARN_UNDECLARED_SELECTOR = YES;
				GCC_WARN_UNINITIALIZED_AUTOS = YES_AGGRESSIVE;
				GCC_WARN_UNUSED_FUNCTION = YES;
				GCC_WARN_UNUSED_VARIABLE = YES;
				IPHONEOS_DEPLOYMENT_TARGET = 10.0;
				MTL_ENABLE_DEBUG_INFO = YES;
				ONLY_ACTIVE_ARCH = YES;
				SDKROOT = iphoneos;
				SWIFT_ACTIVE_COMPILATION_CONDITIONS = DEBUG;
				SWIFT_OPTIMIZATION_LEVEL = "-Onone";
				TARGETED_DEVICE_FAMILY = "1,2";
			};
			name = Debug;
		};
		55477DCE1D9F7C6C0095B521 /* Release */ = {
			isa = XCBuildConfiguration;
			buildSettings = {
				ALWAYS_SEARCH_USER_PATHS = NO;
				CLANG_ANALYZER_NONNULL = YES;
				CLANG_CXX_LANGUAGE_STANDARD = "gnu++0x";
				CLANG_CXX_LIBRARY = "libc++";
				CLANG_ENABLE_MODULES = YES;
				CLANG_ENABLE_OBJC_ARC = YES;
				CLANG_WARN_BOOL_CONVERSION = YES;
				CLANG_WARN_CONSTANT_CONVERSION = YES;
				CLANG_WARN_DIRECT_OBJC_ISA_USAGE = YES_ERROR;
				CLANG_WARN_DOCUMENTATION_COMMENTS = YES;
				CLANG_WARN_EMPTY_BODY = YES;
				CLANG_WARN_ENUM_CONVERSION = YES;
				CLANG_WARN_INFINITE_RECURSION = YES;
				CLANG_WARN_INT_CONVERSION = YES;
				CLANG_WARN_OBJC_ROOT_CLASS = YES_ERROR;
				CLANG_WARN_SUSPICIOUS_MOVES = YES;
				CLANG_WARN_UNREACHABLE_CODE = YES;
				CLANG_WARN__DUPLICATE_METHOD_MATCH = YES;
				"CODE_SIGN_IDENTITY[sdk=iphoneos*]" = "iPhone Developer";
				COPY_PHASE_STRIP = NO;
				DEBUG_INFORMATION_FORMAT = "dwarf-with-dsym";
				ENABLE_NS_ASSERTIONS = NO;
				ENABLE_STRICT_OBJC_MSGSEND = YES;
				GCC_C_LANGUAGE_STANDARD = gnu99;
				GCC_NO_COMMON_BLOCKS = YES;
				GCC_WARN_64_TO_32_BIT_CONVERSION = YES;
				GCC_WARN_ABOUT_RETURN_TYPE = YES_ERROR;
				GCC_WARN_UNDECLARED_SELECTOR = YES;
				GCC_WARN_UNINITIALIZED_AUTOS = YES_AGGRESSIVE;
				GCC_WARN_UNUSED_FUNCTION = YES;
				GCC_WARN_UNUSED_VARIABLE = YES;
				IPHONEOS_DEPLOYMENT_TARGET = 10.0;
				MTL_ENABLE_DEBUG_INFO = NO;
				SDKROOT = iphoneos;
				SWIFT_OPTIMIZATION_LEVEL = "-Owholemodule";
				TARGETED_DEVICE_FAMILY = "1,2";
				VALIDATE_PRODUCT = YES;
			};
			name = Release;
		};
		55477DD01D9F7C6C0095B521 /* Debug */ = {
			isa = XCBuildConfiguration;
			buildSettings = {
				ASSETCATALOG_COMPILER_APPICON_NAME = AppIcon;
				DEVELOPMENT_TEAM = WPZ6H96R6K;
				INFOPLIST_FILE = "guess the flag/Info.plist";
				LD_RUNPATH_SEARCH_PATHS = "$(inherited) @executable_path/Frameworks";
				PRODUCT_BUNDLE_IDENTIFIER = "dashutch.development.guess-the-flag";
				PRODUCT_NAME = "$(TARGET_NAME)";
				SWIFT_VERSION = 3.0;
			};
			name = Debug;
		};
		55477DD11D9F7C6C0095B521 /* Release */ = {
			isa = XCBuildConfiguration;
			buildSettings = {
				ASSETCATALOG_COMPILER_APPICON_NAME = AppIcon;
				DEVELOPMENT_TEAM = WPZ6H96R6K;
				INFOPLIST_FILE = "guess the flag/Info.plist";
				LD_RUNPATH_SEARCH_PATHS = "$(inherited) @executable_path/Frameworks";
				PRODUCT_BUNDLE_IDENTIFIER = "dashutch.development.guess-the-flag";
				PRODUCT_NAME = "$(TARGET_NAME)";
				SWIFT_VERSION = 3.0;
			};
			name = Release;
		};
/* End XCBuildConfiguration section */

/* Begin XCConfigurationList section */
		55477DB81D9F7C6C0095B521 /* Build configuration list for PBXProject "guess the flag" */ = {
			isa = XCConfigurationList;
			buildConfigurations = (
				55477DCD1D9F7C6C0095B521 /* Debug */,
				55477DCE1D9F7C6C0095B521 /* Release */,
			);
			defaultConfigurationIsVisible = 0;
			defaultConfigurationName = Release;
		};
		55477DCF1D9F7C6C0095B521 /* Build configuration list for PBXNativeTarget "guess the flag" */ = {
			isa = XCConfigurationList;
			buildConfigurations = (
				55477DD01D9F7C6C0095B521 /* Debug */,
				55477DD11D9F7C6C0095B521 /* Release */,
			);
			defaultConfigurationIsVisible = 0;
			defaultConfigurationName = Release;
		};
/* End XCConfigurationList section */
	};
	rootObject = 55477DB51D9F7C6C0095B521 /* Project object */;
}
