// !$*UTF8*$!
{
	archiveVersion = 1;
	classes = {
	};
	objectVersion = 46;
	objects = {

/* Begin PBXBuildFile section */
		55BF8D201DAB599000C7A5DD /* AppDelegate.swift in Sources */ = {isa = PBXBuildFile; fileRef = 55BF8D1F1DAB599000C7A5DD /* AppDelegate.swift */; };
		55BF8D221DAB599000C7A5DD /* ViewController.swift in Sources */ = {isa = PBXBuildFile; fileRef = 55BF8D211DAB599000C7A5DD /* ViewController.swift */; };
		55BF8D251DAB599000C7A5DD /* Main.storyboard in Resources */ = {isa = PBXBuildFile; fileRef = 55BF8D231DAB599000C7A5DD /* Main.storyboard */; };
		55BF8D271DAB599000C7A5DD /* Assets.xcassets in Resources */ = {isa = PBXBuildFile; fileRef = 55BF8D261DAB599000C7A5DD /* Assets.xcassets */; };
		55BF8D2A1DAB599000C7A5DD /* LaunchScreen.storyboard in Resources */ = {isa = PBXBuildFile; fileRef = 55BF8D281DAB599000C7A5DD /* LaunchScreen.storyboard */; };
/* End PBXBuildFile section */

/* Begin PBXFileReference section */
		55BF8D1C1DAB599000C7A5DD /* auto layout.app */ = {isa = PBXFileReference; explicitFileType = wrapper.application; includeInIndex = 0; path = "auto layout.app"; sourceTree = BUILT_PRODUCTS_DIR; };
		55BF8D1F1DAB599000C7A5DD /* AppDelegate.swift */ = {isa = PBXFileReference; lastKnownFileType = sourcecode.swift; path = AppDelegate.swift; sourceTree = "<group>"; };
		55BF8D211DAB599000C7A5DD /* ViewController.swift */ = {isa = PBXFileReference; lastKnownFileType = sourcecode.swift; path = ViewController.swift; sourceTree = "<group>"; };
		55BF8D241DAB599000C7A5DD /* Base */ = {isa = PBXFileReference; lastKnownFileType = file.storyboard; name = Base; path = Base.lproj/Main.storyboard; sourceTree = "<group>"; };
		55BF8D261DAB599000C7A5DD /* Assets.xcassets */ = {isa = PBXFileReference; lastKnownFileType = folder.assetcatalog; path = Assets.xcassets; sourceTree = "<group>"; };
		55BF8D291DAB599000C7A5DD /* Base */ = {isa = PBXFileReference; lastKnownFileType = file.storyboard; name = Base; path = Base.lproj/LaunchScreen.storyboard; sourceTree = "<group>"; };
		55BF8D2B1DAB599000C7A5DD /* Info.plist */ = {isa = PBXFileReference; lastKnownFileType = text.plist.xml; path = Info.plist; sourceTree = "<group>"; };
/* End PBXFileReference section */

/* Begin PBXFrameworksBuildPhase section */
		55BF8D191DAB599000C7A5DD /* Frameworks */ = {
			isa = PBXFrameworksBuildPhase;
			buildActionMask = 2147483647;
			files = (
			);
			runOnlyForDeploymentPostprocessing = 0;
		};
/* End PBXFrameworksBuildPhase section */

/* Begin PBXGroup section */
		55BF8D131DAB599000C7A5DD = {
			isa = PBXGroup;
			children = (
				55BF8D1E1DAB599000C7A5DD /* auto layout */,
				55BF8D1D1DAB599000C7A5DD /* Products */,
			);
			sourceTree = "<group>";
		};
		55BF8D1D1DAB599000C7A5DD /* Products */ = {
			isa = PBXGroup;
			children = (
				55BF8D1C1DAB599000C7A5DD /* auto layout.app */,
			);
			name = Products;
			sourceTree = "<group>";
		};
		55BF8D1E1DAB599000C7A5DD /* auto layout */ = {
			isa = PBXGroup;
			children = (
				55BF8D311DAB59E000C7A5DD /* src */,
				55BF8D321DAB59E800C7A5DD /* resources */,
				55BF8D331DAB59F600C7A5DD /* other sources */,
			);
			path = "auto layout";
			sourceTree = "<group>";
		};
		55BF8D311DAB59E000C7A5DD /* src */ = {
			isa = PBXGroup;
			children = (
				55BF8D1F1DAB599000C7A5DD /* AppDelegate.swift */,
				55BF8D211DAB599000C7A5DD /* ViewController.swift */,
			);
			name = src;
			sourceTree = "<group>";
		};
		55BF8D321DAB59E800C7A5DD /* resources */ = {
			isa = PBXGroup;
			children = (
				55BF8D341DAB5A0C00C7A5DD /* storyboard */,
			);
			name = resources;
			sourceTree = "<group>";
		};
		55BF8D331DAB59F600C7A5DD /* other sources */ = {
			isa = PBXGroup;
			children = (
				55BF8D261DAB599000C7A5DD /* Assets.xcassets */,
				55BF8D2B1DAB599000C7A5DD /* Info.plist */,
			);
			name = "other sources";
			sourceTree = "<group>";
		};
		55BF8D341DAB5A0C00C7A5DD /* storyboard */ = {
			isa = PBXGroup;
			children = (
				55BF8D231DAB599000C7A5DD /* Main.storyboard */,
				55BF8D281DAB599000C7A5DD /* LaunchScreen.storyboard */,
			);
			name = storyboard;
			sourceTree = "<group>";
		};
/* End PBXGroup section */

/* Begin PBXNativeTarget section */
		55BF8D1B1DAB599000C7A5DD /* auto layout */ = {
			isa = PBXNativeTarget;
			buildConfigurationList = 55BF8D2E1DAB599000C7A5DD /* Build configuration list for PBXNativeTarget "auto layout" */;
			buildPhases = (
				55BF8D181DAB599000C7A5DD /* Sources */,
				55BF8D191DAB599000C7A5DD /* Frameworks */,
				55BF8D1A1DAB599000C7A5DD /* Resources */,
			);
			buildRules = (
			);
			dependencies = (
			);
			name = "auto layout";
			productName = "auto layout";
			productReference = 55BF8D1C1DAB599000C7A5DD /* auto layout.app */;
			productType = "com.apple.product-type.application";
		};
/* End PBXNativeTarget section */

/* Begin PBXProject section */
		55BF8D141DAB599000C7A5DD /* Project object */ = {
			isa = PBXProject;
			attributes = {
				LastSwiftUpdateCheck = 0800;
				LastUpgradeCheck = 0800;
				ORGANIZATIONNAME = "Das Hutch Development";
				TargetAttributes = {
					55BF8D1B1DAB599000C7A5DD = {
						CreatedOnToolsVersion = 8.0;
						DevelopmentTeam = WPZ6H96R6K;
						ProvisioningStyle = Automatic;
					};
				};
			};
			buildConfigurationList = 55BF8D171DAB599000C7A5DD /* Build configuration list for PBXProject "auto layout" */;
			compatibilityVersion = "Xcode 3.2";
			developmentRegion = English;
			hasScannedForEncodings = 0;
			knownRegions = (
				en,
				Base,
			);
			mainGroup = 55BF8D131DAB599000C7A5DD;
			productRefGroup = 55BF8D1D1DAB599000C7A5DD /* Products */;
			projectDirPath = "";
			projectRoot = "";
			targets = (
				55BF8D1B1DAB599000C7A5DD /* auto layout */,
			);
		};
/* End PBXProject section */

/* Begin PBXResourcesBuildPhase section */
		55BF8D1A1DAB599000C7A5DD /* Resources */ = {
			isa = PBXResourcesBuildPhase;
			buildActionMask = 2147483647;
			files = (
				55BF8D2A1DAB599000C7A5DD /* LaunchScreen.storyboard in Resources */,
				55BF8D271DAB599000C7A5DD /* Assets.xcassets in Resources */,
				55BF8D251DAB599000C7A5DD /* Main.storyboard in Resources */,
			);
			runOnlyForDeploymentPostprocessing = 0;
		};
/* End PBXResourcesBuildPhase section */

/* Begin PBXSourcesBuildPhase section */
		55BF8D181DAB599000C7A5DD /* Sources */ = {
			isa = PBXSourcesBuildPhase;
			buildActionMask = 2147483647;
			files = (
				55BF8D221DAB599000C7A5DD /* ViewController.swift in Sources */,
				55BF8D201DAB599000C7A5DD /* AppDelegate.swift in Sources */,
			);
			runOnlyForDeploymentPostprocessing = 0;
		};
/* End PBXSourcesBuildPhase section */

/* Begin PBXVariantGroup section */
		55BF8D231DAB599000C7A5DD /* Main.storyboard */ = {
			isa = PBXVariantGroup;
			children = (
				55BF8D241DAB599000C7A5DD /* Base */,
			);
			name = Main.storyboard;
			sourceTree = "<group>";
		};
		55BF8D281DAB599000C7A5DD /* LaunchScreen.storyboard */ = {
			isa = PBXVariantGroup;
			children = (
				55BF8D291DAB599000C7A5DD /* Base */,
			);
			name = LaunchScreen.storyboard;
			sourceTree = "<group>";
		};
/* End PBXVariantGroup section */

/* Begin XCBuildConfiguration section */
		55BF8D2C1DAB599000C7A5DD /* Debug */ = {
			isa = XCBuildConfiguration;
			buildSettings = {
				ALWAYS_SEARCH_USER_PATHS = NO;
				CLANG_ANALYZER_NONNULL = YES;
				CLANG_CXX_LANGUAGE_STANDARD = "gnu++0x";
				CLANG_CXX_LIBRARY = "libc++";
				CLANG_ENABLE_MODULES = YES;
				CLANG_ENABLE_OBJC_ARC = YES;
				CLANG_WARN_BOOL_CONVERSION = YES;
				CLANG_WARN_CONSTANT_CONVERSION = YES;
				CLANG_WARN_DIRECT_OBJC_ISA_USAGE = YES_ERROR;
				CLANG_WARN_DOCUMENTATION_COMMENTS = YES;
				CLANG_WARN_EMPTY_BODY = YES;
				CLANG_WARN_ENUM_CONVERSION = YES;
				CLANG_WARN_INFINITE_RECURSION = YES;
				CLANG_WARN_INT_CONVERSION = YES;
				CLANG_WARN_OBJC_ROOT_CLASS = YES_ERROR;
				CLANG_WARN_SUSPICIOUS_MOVES = YES;
				CLANG_WARN_UNREACHABLE_CODE = YES;
				CLANG_WARN__DUPLICATE_METHOD_MATCH = YES;
				"CODE_SIGN_IDENTITY[sdk=iphoneos*]" = "iPhone Developer";
				COPY_PHASE_STRIP = NO;
				DEBUG_INFORMATION_FORMAT = dwarf;
				ENABLE_STRICT_OBJC_MSGSEND = YES;
				ENABLE_TESTABILITY = YES;
				GCC_C_LANGUAGE_STANDARD = gnu99;
				GCC_DYNAMIC_NO_PIC = NO;
				GCC_NO_COMMON_BLOCKS = YES;
				GCC_OPTIMIZATION_LEVEL = 0;
				GCC_PREPROCESSOR_DEFINITIONS = (
					"DEBUG=1",
					"$(inherited)",
				);
				GCC_WARN_64_TO_32_BIT_CONVERSION = YES;
				GCC_WARN_ABOUT_RETURN_TYPE = YES_ERROR;
				GCC_WARN_UNDECLARED_SELECTOR = YES;
				GCC_WARN_UNINITIALIZED_AUTOS = YES_AGGRESSIVE;
				GCC_WARN_UNUSED_FUNCTION = YES;
				GCC_WARN_UNUSED_VARIABLE = YES;
				IPHONEOS_DEPLOYMENT_TARGET = 10.0;
				MTL_ENABLE_DEBUG_INFO = YES;
				ONLY_ACTIVE_ARCH = YES;
				SDKROOT = iphoneos;
				SWIFT_ACTIVE_COMPILATION_CONDITIONS = DEBUG;
				SWIFT_OPTIMIZATION_LEVEL = "-Onone";
				TARGETED_DEVICE_FAMILY = "1,2";
			};
			name = Debug;
		};
		55BF8D2D1DAB599000C7A5DD /* Release */ = {
			isa = XCBuildConfiguration;
			buildSettings = {
				ALWAYS_SEARCH_USER_PATHS = NO;
				CLANG_ANALYZER_NONNULL = YES;
				CLANG_CXX_LANGUAGE_STANDARD = "gnu++0x";
				CLANG_CXX_LIBRARY = "libc++";
				CLANG_ENABLE_MODULES = YES;
				CLANG_ENABLE_OBJC_ARC = YES;
				CLANG_WARN_BOOL_CONVERSION = YES;
				CLANG_WARN_CONSTANT_CONVERSION = YES;
				CLANG_WARN_DIRECT_OBJC_ISA_USAGE = YES_ERROR;
				CLANG_WARN_DOCUMENTATION_COMMENTS = YES;
				CLANG_WARN_EMPTY_BODY = YES;
				CLANG_WARN_ENUM_CONVERSION = YES;
				CLANG_WARN_INFINITE_RECURSION = YES;
				CLANG_WARN_INT_CONVERSION = YES;
				CLANG_WARN_OBJC_ROOT_CLASS = YES_ERROR;
				CLANG_WARN_SUSPICIOUS_MOVES = YES;
				CLANG_WARN_UNREACHABLE_CODE = YES;
				CLANG_WARN__DUPLICATE_METHOD_MATCH = YES;
				"CODE_SIGN_IDENTITY[sdk=iphoneos*]" = "iPhone Developer";
				COPY_PHASE_STRIP = NO;
				DEBUG_INFORMATION_FORMAT = "dwarf-with-dsym";
				ENABLE_NS_ASSERTIONS = NO;
				ENABLE_STRICT_OBJC_MSGSEND = YES;
				GCC_C_LANGUAGE_STANDARD = gnu99;
				GCC_NO_COMMON_BLOCKS = YES;
				GCC_WARN_64_TO_32_BIT_CONVERSION = YES;
				GCC_WARN_ABOUT_RETURN_TYPE = YES_ERROR;
				GCC_WARN_UNDECLARED_SELECTOR = YES;
				GCC_WARN_UNINITIALIZED_AUTOS = YES_AGGRESSIVE;
				GCC_WARN_UNUSED_FUNCTION = YES;
				GCC_WARN_UNUSED_VARIABLE = YES;
				IPHONEOS_DEPLOYMENT_TARGET = 10.0;
				MTL_ENABLE_DEBUG_INFO = NO;
				SDKROOT = iphoneos;
				SWIFT_OPTIMIZATION_LEVEL = "-Owholemodule";
				TARGETED_DEVICE_FAMILY = "1,2";
				VALIDATE_PRODUCT = YES;
			};
			name = Release;
		};
		55BF8D2F1DAB599000C7A5DD /* Debug */ = {
			isa = XCBuildConfiguration;
			buildSettings = {
				ASSETCATALOG_COMPILER_APPICON_NAME = AppIcon;
				DEVELOPMENT_TEAM = WPZ6H96R6K;
				INFOPLIST_FILE = "auto layout/Info.plist";
				LD_RUNPATH_SEARCH_PATHS = "$(inherited) @executable_path/Frameworks";
				PRODUCT_BUNDLE_IDENTIFIER = "dashutch.development.auto-layout";
				PRODUCT_NAME = "$(TARGET_NAME)";
				SWIFT_VERSION = 3.0;
			};
			name = Debug;
		};
		55BF8D301DAB599000C7A5DD /* Release */ = {
			isa = XCBuildConfiguration;
			buildSettings = {
				ASSETCATALOG_COMPILER_APPICON_NAME = AppIcon;
				DEVELOPMENT_TEAM = WPZ6H96R6K;
				INFOPLIST_FILE = "auto layout/Info.plist";
				LD_RUNPATH_SEARCH_PATHS = "$(inherited) @executable_path/Frameworks";
				PRODUCT_BUNDLE_IDENTIFIER = "dashutch.development.auto-layout";
				PRODUCT_NAME = "$(TARGET_NAME)";
				SWIFT_VERSION = 3.0;
			};
			name = Release;
		};
/* End XCBuildConfiguration section */

/* Begin XCConfigurationList section */
		55BF8D171DAB599000C7A5DD /* Build configuration list for PBXProject "auto layout" */ = {
			isa = XCConfigurationList;
			buildConfigurations = (
				55BF8D2C1DAB599000C7A5DD /* Debug */,
				55BF8D2D1DAB599000C7A5DD /* Release */,
			);
			defaultConfigurationIsVisible = 0;
			defaultConfigurationName = Release;
		};
		55BF8D2E1DAB599000C7A5DD /* Build configuration list for PBXNativeTarget "auto layout" */ = {
			isa = XCConfigurationList;
			buildConfigurations = (
				55BF8D2F1DAB599000C7A5DD /* Debug */,
				55BF8D301DAB599000C7A5DD /* Release */,
			);
			defaultConfigurationIsVisible = 0;
		};
/* End XCConfigurationList section */
	};
	rootObject = 55BF8D141DAB599000C7A5DD /* Project object */;
}
